// !$*UTF8*$!
{
	archiveVersion = 1;
	classes = {
	};
	objectVersion = 77;
	objects = {

/* Begin PBXBuildFile section */
		06061CD71E18A5583D980B74 /* EmulatorSession.swift in Sources */ = {isa = PBXBuildFile; fileRef = DA0E75EE06981E48E2DCB67D /* EmulatorSession.swift */; };
		1B5662954ED9A925886AE719 /* EditorView.swift in Sources */ = {isa = PBXBuildFile; fileRef = 34CE9DE8F3604FECD12AE1AB /* EditorView.swift */; };
		2E499DCAC8BD74A7D21C7F1C /* APIClient.swift in Sources */ = {isa = PBXBuildFile; fileRef = A3FB010EC14C3AFD8B4E2359 /* APIClient.swift */; };
		30E6E43DD6E7EE0BBF9CC84C /* BackendStatusView.swift in Sources */ = {isa = PBXBuildFile; fileRef = 65AE3FBF67481D0085647457 /* BackendStatusView.swift */; };
		356BCA2FAA0A50842DFD2CE0 /* ARMEmulatorTests.swift in Sources */ = {isa = PBXBuildFile; fileRef = 3B50844150083773DFEC19C7 /* ARMEmulatorTests.swift */; };
		3A4C65E288F2DB022B205C15 /* Foundation.framework in Frameworks */ = {isa = PBXBuildFile; fileRef = 1247427E15F123B8C45C03DF /* Foundation.framework */; };
		6E34CBADCB11323CE22FBF27 /* Combine.framework in Frameworks */ = {isa = PBXBuildFile; fileRef = ADD4C0FCEC409703BF2084D8 /* Combine.framework */; };
		73DDEF5380A8DD2A52B30C92 /* AppKit.framework in Frameworks */ = {isa = PBXBuildFile; fileRef = 0A5896028AE45471B6244E93 /* AppKit.framework */; };
		8E53A18B7A792D4809F48122 /* MainView.swift in Sources */ = {isa = PBXBuildFile; fileRef = E0E00E78E1A9BCD3DA0AE0D7 /* MainView.swift */; };
		96CF39846E4C3A7A01650903 /* RegistersView.swift in Sources */ = {isa = PBXBuildFile; fileRef = CB565AAB1F1DF487867C1502 /* RegistersView.swift */; };
		9A54BA657B7C9FA3518FFB45 /* WebSocketClient.swift in Sources */ = {isa = PBXBuildFile; fileRef = 5960B8591491B9E1EF1DF5AD /* WebSocketClient.swift */; };
		AD8D0DCE5042D81086FC727D /* BackendManager.swift in Sources */ = {isa = PBXBuildFile; fileRef = 4FE9C901E652DDC942DCE3EA /* BackendManager.swift */; };
		B1ACE7953A2909E3F66311FB /* SwiftUI.framework in Frameworks */ = {isa = PBXBuildFile; fileRef = 9E07D4FD66B7FA55C8A90AF9 /* SwiftUI.framework */; };
		C290C1296B52FA6CDC19F083 /* Register.swift in Sources */ = {isa = PBXBuildFile; fileRef = 981E9381909EF5C95B0188E8 /* Register.swift */; };
		C4B77547C8F9FA2FFB87D50D /* ProgramState.swift in Sources */ = {isa = PBXBuildFile; fileRef = AC2088698697C4A40C0444A6 /* ProgramState.swift */; };
		D0E49B6F8EA5501DBAA9F9BF /* ARMEmulatorApp.swift in Sources */ = {isa = PBXBuildFile; fileRef = F95CEFC0F76077399F965041 /* ARMEmulatorApp.swift */; };
		D15F1442E4B080757663DADA /* ConsoleView.swift in Sources */ = {isa = PBXBuildFile; fileRef = 0447F1A034A7151CD707A3F1 /* ConsoleView.swift */; };
		FEE12062657A597C80D520D6 /* EmulatorViewModel.swift in Sources */ = {isa = PBXBuildFile; fileRef = 8DF710E105C1689A58ED1B74 /* EmulatorViewModel.swift */; };
/* End PBXBuildFile section */

/* Begin PBXContainerItemProxy section */
		485E62559E6C05B9D77DC497 /* PBXContainerItemProxy */ = {
			isa = PBXContainerItemProxy;
			containerPortal = 9AF11FF43E977649CCAEA237 /* Project object */;
			proxyType = 1;
			remoteGlobalIDString = 9E0A9B125ABD79D6B27A914E;
			remoteInfo = ARMEmulator;
		};
/* End PBXContainerItemProxy section */

/* Begin PBXFileReference section */
		0447F1A034A7151CD707A3F1 /* ConsoleView.swift */ = {isa = PBXFileReference; lastKnownFileType = sourcecode.swift; path = ConsoleView.swift; sourceTree = "<group>"; };
		0A5896028AE45471B6244E93 /* AppKit.framework */ = {isa = PBXFileReference; lastKnownFileType = wrapper.framework; name = AppKit.framework; path = System/Library/Frameworks/AppKit.framework; sourceTree = SDKROOT; };
		1247427E15F123B8C45C03DF /* Foundation.framework */ = {isa = PBXFileReference; lastKnownFileType = wrapper.framework; name = Foundation.framework; path = System/Library/Frameworks/Foundation.framework; sourceTree = SDKROOT; };
		34CE9DE8F3604FECD12AE1AB /* EditorView.swift */ = {isa = PBXFileReference; lastKnownFileType = sourcecode.swift; path = EditorView.swift; sourceTree = "<group>"; };
		3B50844150083773DFEC19C7 /* ARMEmulatorTests.swift */ = {isa = PBXFileReference; lastKnownFileType = sourcecode.swift; path = ARMEmulatorTests.swift; sourceTree = "<group>"; };
		4FE9C901E652DDC942DCE3EA /* BackendManager.swift */ = {isa = PBXFileReference; lastKnownFileType = sourcecode.swift; path = BackendManager.swift; sourceTree = "<group>"; };
		5960B8591491B9E1EF1DF5AD /* WebSocketClient.swift */ = {isa = PBXFileReference; lastKnownFileType = sourcecode.swift; path = WebSocketClient.swift; sourceTree = "<group>"; };
		65AE3FBF67481D0085647457 /* BackendStatusView.swift */ = {isa = PBXFileReference; lastKnownFileType = sourcecode.swift; path = BackendStatusView.swift; sourceTree = "<group>"; };
		8A71E8BD4F7E7EC809B5BDF9 /* Info.plist */ = {isa = PBXFileReference; lastKnownFileType = text.plist; path = Info.plist; sourceTree = "<group>"; };
		8DF710E105C1689A58ED1B74 /* EmulatorViewModel.swift */ = {isa = PBXFileReference; lastKnownFileType = sourcecode.swift; path = EmulatorViewModel.swift; sourceTree = "<group>"; };
		981E9381909EF5C95B0188E8 /* Register.swift */ = {isa = PBXFileReference; lastKnownFileType = sourcecode.swift; path = Register.swift; sourceTree = "<group>"; };
		9E07D4FD66B7FA55C8A90AF9 /* SwiftUI.framework */ = {isa = PBXFileReference; lastKnownFileType = wrapper.framework; name = SwiftUI.framework; path = System/Library/Frameworks/SwiftUI.framework; sourceTree = SDKROOT; };
		A3FB010EC14C3AFD8B4E2359 /* APIClient.swift */ = {isa = PBXFileReference; lastKnownFileType = sourcecode.swift; path = APIClient.swift; sourceTree = "<group>"; };
		AC2088698697C4A40C0444A6 /* ProgramState.swift */ = {isa = PBXFileReference; lastKnownFileType = sourcecode.swift; path = ProgramState.swift; sourceTree = "<group>"; };
		ADD4C0FCEC409703BF2084D8 /* Combine.framework */ = {isa = PBXFileReference; lastKnownFileType = wrapper.framework; name = Combine.framework; path = System/Library/Frameworks/Combine.framework; sourceTree = SDKROOT; };
		CB565AAB1F1DF487867C1502 /* RegistersView.swift */ = {isa = PBXFileReference; lastKnownFileType = sourcecode.swift; path = RegistersView.swift; sourceTree = "<group>"; };
		D377FD7C574BDFE0F8D67025 /* ARMEmulator.app */ = {isa = PBXFileReference; explicitFileType = wrapper.application; includeInIndex = 0; path = ARMEmulator.app; sourceTree = BUILT_PRODUCTS_DIR; };
		DA0E75EE06981E48E2DCB67D /* EmulatorSession.swift */ = {isa = PBXFileReference; lastKnownFileType = sourcecode.swift; path = EmulatorSession.swift; sourceTree = "<group>"; };
		E0E00E78E1A9BCD3DA0AE0D7 /* MainView.swift */ = {isa = PBXFileReference; lastKnownFileType = sourcecode.swift; path = MainView.swift; sourceTree = "<group>"; };
		E2372C05A7F75C23B2921E38 /* ARMEmulatorTests.xctest */ = {isa = PBXFileReference; explicitFileType = wrapper.cfbundle; includeInIndex = 0; path = ARMEmulatorTests.xctest; sourceTree = BUILT_PRODUCTS_DIR; };
		F95CEFC0F76077399F965041 /* ARMEmulatorApp.swift */ = {isa = PBXFileReference; lastKnownFileType = sourcecode.swift; path = ARMEmulatorApp.swift; sourceTree = "<group>"; };
/* End PBXFileReference section */

/* Begin PBXFrameworksBuildPhase section */
		8DEE9CF0B501209306B1BCB3 /* Frameworks */ = {
			isa = PBXFrameworksBuildPhase;
			buildActionMask = 2147483647;
			files = (
				B1ACE7953A2909E3F66311FB /* SwiftUI.framework in Frameworks */,
				6E34CBADCB11323CE22FBF27 /* Combine.framework in Frameworks */,
				3A4C65E288F2DB022B205C15 /* Foundation.framework in Frameworks */,
				73DDEF5380A8DD2A52B30C92 /* AppKit.framework in Frameworks */,
			);
			runOnlyForDeploymentPostprocessing = 0;
		};
/* End PBXFrameworksBuildPhase section */

/* Begin PBXGroup section */
		14493DE6EA5A4841614F5688 = {
			isa = PBXGroup;
			children = (
				7F2CD62509B06AA1CD513FDC /* ARMEmulator */,
				FD6EC1EA410CA063568F64FA /* ARMEmulatorTests */,
				BE6FEF479D0BFB5D884D7F6A /* Frameworks */,
				5223E2E69AE832E65D8E2508 /* Products */,
			);
			sourceTree = "<group>";
		};
		5223E2E69AE832E65D8E2508 /* Products */ = {
			isa = PBXGroup;
			children = (
				D377FD7C574BDFE0F8D67025 /* ARMEmulator.app */,
				E2372C05A7F75C23B2921E38 /* ARMEmulatorTests.xctest */,
			);
			name = Products;
			sourceTree = "<group>";
		};
		622849B7DA0B3308CBBFBABE /* Services */ = {
			isa = PBXGroup;
			children = (
				A3FB010EC14C3AFD8B4E2359 /* APIClient.swift */,
				4FE9C901E652DDC942DCE3EA /* BackendManager.swift */,
				5960B8591491B9E1EF1DF5AD /* WebSocketClient.swift */,
			);
			path = Services;
			sourceTree = "<group>";
		};
		656739C115D49FB1BCBCD1D1 /* ViewModels */ = {
			isa = PBXGroup;
			children = (
				8DF710E105C1689A58ED1B74 /* EmulatorViewModel.swift */,
			);
			path = ViewModels;
			sourceTree = "<group>";
		};
		7F2CD62509B06AA1CD513FDC /* ARMEmulator */ = {
			isa = PBXGroup;
			children = (
				F95CEFC0F76077399F965041 /* ARMEmulatorApp.swift */,
				BB0844F4B45B87422B2E8422 /* Models */,
				F7C93A53B73A487C010A8818 /* Resources */,
				622849B7DA0B3308CBBFBABE /* Services */,
				656739C115D49FB1BCBCD1D1 /* ViewModels */,
				9AE41F1C691CB28BFA9DFB53 /* Views */,
			);
			path = ARMEmulator;
			sourceTree = "<group>";
		};
		9AE41F1C691CB28BFA9DFB53 /* Views */ = {
			isa = PBXGroup;
			children = (
				65AE3FBF67481D0085647457 /* BackendStatusView.swift */,
				0447F1A034A7151CD707A3F1 /* ConsoleView.swift */,
				34CE9DE8F3604FECD12AE1AB /* EditorView.swift */,
				E0E00E78E1A9BCD3DA0AE0D7 /* MainView.swift */,
				CB565AAB1F1DF487867C1502 /* RegistersView.swift */,
			);
			path = Views;
			sourceTree = "<group>";
		};
		BB0844F4B45B87422B2E8422 /* Models */ = {
			isa = PBXGroup;
			children = (
				DA0E75EE06981E48E2DCB67D /* EmulatorSession.swift */,
				AC2088698697C4A40C0444A6 /* ProgramState.swift */,
				981E9381909EF5C95B0188E8 /* Register.swift */,
			);
			path = Models;
			sourceTree = "<group>";
		};
		BE6FEF479D0BFB5D884D7F6A /* Frameworks */ = {
			isa = PBXGroup;
			children = (
				0A5896028AE45471B6244E93 /* AppKit.framework */,
				ADD4C0FCEC409703BF2084D8 /* Combine.framework */,
				1247427E15F123B8C45C03DF /* Foundation.framework */,
				9E07D4FD66B7FA55C8A90AF9 /* SwiftUI.framework */,
			);
			name = Frameworks;
			sourceTree = "<group>";
		};
		F7C93A53B73A487C010A8818 /* Resources */ = {
			isa = PBXGroup;
			children = (
				8A71E8BD4F7E7EC809B5BDF9 /* Info.plist */,
			);
			path = Resources;
			sourceTree = "<group>";
		};
		FD6EC1EA410CA063568F64FA /* ARMEmulatorTests */ = {
			isa = PBXGroup;
			children = (
				3B50844150083773DFEC19C7 /* ARMEmulatorTests.swift */,
			);
			path = ARMEmulatorTests;
			sourceTree = "<group>";
		};
/* End PBXGroup section */

/* Begin PBXNativeTarget section */
		90CC5ABFDDB476C91F0C6DF7 /* ARMEmulatorTests */ = {
			isa = PBXNativeTarget;
			buildConfigurationList = 5E21052922EEC703E51674A1 /* Build configuration list for PBXNativeTarget "ARMEmulatorTests" */;
			buildPhases = (
				6A2CF1F4996F377940982E09 /* Sources */,
			);
			buildRules = (
			);
			dependencies = (
				78B53B5205C35F79C488F333 /* PBXTargetDependency */,
			);
			name = ARMEmulatorTests;
			packageProductDependencies = (
			);
			productName = ARMEmulatorTests;
			productReference = E2372C05A7F75C23B2921E38 /* ARMEmulatorTests.xctest */;
			productType = "com.apple.product-type.bundle.unit-test";
		};
		9E0A9B125ABD79D6B27A914E /* ARMEmulator */ = {
			isa = PBXNativeTarget;
			buildConfigurationList = 7C88047639C3C178CC3B8D03 /* Build configuration list for PBXNativeTarget "ARMEmulator" */;
			buildPhases = (
				7586B6A1757184482EE841AC /* Sources */,
				8DEE9CF0B501209306B1BCB3 /* Frameworks */,
				9DA14074754BF8A89321DEC0 /* Copy Backend Binary */,
			);
			buildRules = (
			);
			dependencies = (
			);
			name = ARMEmulator;
			packageProductDependencies = (
			);
			productName = ARMEmulator;
			productReference = D377FD7C574BDFE0F8D67025 /* ARMEmulator.app */;
			productType = "com.apple.product-type.application";
		};
/* End PBXNativeTarget section */

/* Begin PBXProject section */
		9AF11FF43E977649CCAEA237 /* Project object */ = {
			isa = PBXProject;
			attributes = {
				BuildIndependentTargetsInParallel = YES;
				LastUpgradeCheck = 1500;
				TargetAttributes = {
					90CC5ABFDDB476C91F0C6DF7 = {
						DevelopmentTeam = "";
						ProvisioningStyle = Automatic;
					};
					9E0A9B125ABD79D6B27A914E = {
						DevelopmentTeam = "";
						ProvisioningStyle = Automatic;
					};
				};
			};
			buildConfigurationList = F03A7953591EA566332A979B /* Build configuration list for PBXProject "ARMEmulator" */;
			compatibilityVersion = "Xcode 14.0";
			developmentRegion = en;
			hasScannedForEncodings = 0;
			knownRegions = (
				Base,
				en,
			);
			mainGroup = 14493DE6EA5A4841614F5688;
			minimizedProjectReferenceProxies = 1;
			preferredProjectObjectVersion = 77;
			projectDirPath = "";
			projectRoot = "";
			targets = (
				9E0A9B125ABD79D6B27A914E /* ARMEmulator */,
				90CC5ABFDDB476C91F0C6DF7 /* ARMEmulatorTests */,
			);
		};
/* End PBXProject section */

/* Begin PBXShellScriptBuildPhase section */
		9DA14074754BF8A89321DEC0 /* Copy Backend Binary */ = {
			isa = PBXShellScriptBuildPhase;
			buildActionMask = 2147483647;
			files = (
			);
			inputFileListPaths = (
			);
			inputPaths = (
			);
			name = "Copy Backend Binary";
			outputFileListPaths = (
			);
			outputPaths = (
			);
			runOnlyForDeploymentPostprocessing = 0;
			shellPath = /bin/sh;
			shellScript = "BACKEND_SOURCE=\"${PROJECT_DIR}/../arm-emulator\"\nBACKEND_DEST=\"${BUILT_PRODUCTS_DIR}/${PRODUCT_NAME}.app/Contents/Resources/arm-emulator\"\n\nif [ -f \"$BACKEND_SOURCE\" ]; then\n  echo \"Copying backend binary to app bundle...\"\n  cp \"$BACKEND_SOURCE\" \"$BACKEND_DEST\"\n  chmod +x \"$BACKEND_DEST\"\n  echo \"Backend binary copied successfully\"\nelse\n  echo \"Warning: Backend binary not found at $BACKEND_SOURCE\"\n  echo \"Build the Go backend first: go build -o arm-emulator\"\nfi\n";
		};
/* End PBXShellScriptBuildPhase section */

/* Begin PBXSourcesBuildPhase section */
		6A2CF1F4996F377940982E09 /* Sources */ = {
			isa = PBXSourcesBuildPhase;
			buildActionMask = 2147483647;
			files = (
				356BCA2FAA0A50842DFD2CE0 /* ARMEmulatorTests.swift in Sources */,
			);
			runOnlyForDeploymentPostprocessing = 0;
		};
		7586B6A1757184482EE841AC /* Sources */ = {
			isa = PBXSourcesBuildPhase;
			buildActionMask = 2147483647;
			files = (
				2E499DCAC8BD74A7D21C7F1C /* APIClient.swift in Sources */,
				D0E49B6F8EA5501DBAA9F9BF /* ARMEmulatorApp.swift in Sources */,
				AD8D0DCE5042D81086FC727D /* BackendManager.swift in Sources */,
				30E6E43DD6E7EE0BBF9CC84C /* BackendStatusView.swift in Sources */,
				D15F1442E4B080757663DADA /* ConsoleView.swift in Sources */,
				1B5662954ED9A925886AE719 /* EditorView.swift in Sources */,
				06061CD71E18A5583D980B74 /* EmulatorSession.swift in Sources */,
				FEE12062657A597C80D520D6 /* EmulatorViewModel.swift in Sources */,
				8E53A18B7A792D4809F48122 /* MainView.swift in Sources */,
				C4B77547C8F9FA2FFB87D50D /* ProgramState.swift in Sources */,
				C290C1296B52FA6CDC19F083 /* Register.swift in Sources */,
				96CF39846E4C3A7A01650903 /* RegistersView.swift in Sources */,
				9A54BA657B7C9FA3518FFB45 /* WebSocketClient.swift in Sources */,
			);
			runOnlyForDeploymentPostprocessing = 0;
		};
/* End PBXSourcesBuildPhase section */

/* Begin PBXTargetDependency section */
		78B53B5205C35F79C488F333 /* PBXTargetDependency */ = {
			isa = PBXTargetDependency;
			target = 9E0A9B125ABD79D6B27A914E /* ARMEmulator */;
			targetProxy = 485E62559E6C05B9D77DC497 /* PBXContainerItemProxy */;
		};
/* End PBXTargetDependency section */

/* Begin XCBuildConfiguration section */
		49ADFF4FAF6864992DB08A8E /* Debug */ = {
			isa = XCBuildConfiguration;
			buildSettings = {
				ASSETCATALOG_COMPILER_APPICON_NAME = AppIcon;
				COMBINE_HIDPI_IMAGES = YES;
				ENABLE_PREVIEWS = YES;
				GENERATE_INFOPLIST_FILE = NO;
				INFOPLIST_FILE = ARMEmulator/Resources/Info.plist;
				LD_RUNPATH_SEARCH_PATHS = (
					"$(inherited)",
					"@executable_path/../Frameworks",
				);
				MACOSX_DEPLOYMENT_TARGET = 13.0;
				PRODUCT_BUNDLE_IDENTIFIER = com.lookbusy1344.ARMEmulator;
				PRODUCT_NAME = ARMEmulator;
				SDKROOT = macosx;
			};
			name = Debug;
		};
		71CFD7785AFA02B951884C79 /* Release */ = {
			isa = XCBuildConfiguration;
			buildSettings = {
				ASSETCATALOG_COMPILER_APPICON_NAME = AppIcon;
				COMBINE_HIDPI_IMAGES = YES;
				ENABLE_PREVIEWS = YES;
				GENERATE_INFOPLIST_FILE = NO;
				INFOPLIST_FILE = ARMEmulator/Resources/Info.plist;
				LD_RUNPATH_SEARCH_PATHS = (
					"$(inherited)",
					"@executable_path/../Frameworks",
				);
				MACOSX_DEPLOYMENT_TARGET = 13.0;
				PRODUCT_BUNDLE_IDENTIFIER = com.lookbusy1344.ARMEmulator;
				PRODUCT_NAME = ARMEmulator;
				SDKROOT = macosx;
			};
			name = Release;
		};
		7B23B3F35D64EA3F0B087384 /* Debug */ = {
			isa = XCBuildConfiguration;
			buildSettings = {
				ALWAYS_EMBED_SWIFT_STANDARD_LIBRARIES = YES;
				BUNDLE_LOADER = "$(TEST_HOST)";
				COMBINE_HIDPI_IMAGES = YES;
				LD_RUNPATH_SEARCH_PATHS = (
					"$(inherited)",
					"@executable_path/../Frameworks",
					"@loader_path/../Frameworks",
				);
				PRODUCT_BUNDLE_IDENTIFIER = com.lookbusy1344.ARMEmulatorTests;
				SDKROOT = macosx;
				TEST_HOST = "$(BUILT_PRODUCTS_DIR)/ARMEmulator.app/Contents/MacOS/ARMEmulator";
			};
			name = Debug;
		};
		8094B8146E12AFC509432B0E /* Release */ = {
			isa = XCBuildConfiguration;
			buildSettings = {
				ALWAYS_EMBED_SWIFT_STANDARD_LIBRARIES = YES;
				BUNDLE_LOADER = "$(TEST_HOST)";
				COMBINE_HIDPI_IMAGES = YES;
				LD_RUNPATH_SEARCH_PATHS = (
					"$(inherited)",
					"@executable_path/../Frameworks",
					"@loader_path/../Frameworks",
				);
				PRODUCT_BUNDLE_IDENTIFIER = com.lookbusy1344.ARMEmulatorTests;
				SDKROOT = macosx;
				TEST_HOST = "$(BUILT_PRODUCTS_DIR)/ARMEmulator.app/Contents/MacOS/ARMEmulator";
			};
			name = Release;
		};
		D71D87481A85FF2E0D5C8F90 /* Release */ = {
			isa = XCBuildConfiguration;
			buildSettings = {
				ALWAYS_SEARCH_USER_PATHS = NO;
				CLANG_ANALYZER_NONNULL = YES;
				CLANG_ANALYZER_NUMBER_OBJECT_CONVERSION = YES_AGGRESSIVE;
				CLANG_CXX_LANGUAGE_STANDARD = "gnu++14";
				CLANG_CXX_LIBRARY = "libc++";
				CLANG_ENABLE_MODULES = YES;
				CLANG_ENABLE_OBJC_ARC = YES;
				CLANG_ENABLE_OBJC_WEAK = YES;
				CLANG_WARN_BLOCK_CAPTURE_AUTORELEASING = YES;
				CLANG_WARN_BOOL_CONVERSION = YES;
				CLANG_WARN_COMMA = YES;
				CLANG_WARN_CONSTANT_CONVERSION = YES;
				CLANG_WARN_DEPRECATED_OBJC_IMPLEMENTATIONS = YES;
				CLANG_WARN_DIRECT_OBJC_ISA_USAGE = YES_ERROR;
				CLANG_WARN_DOCUMENTATION_COMMENTS = YES;
				CLANG_WARN_EMPTY_BODY = YES;
				CLANG_WARN_ENUM_CONVERSION = YES;
				CLANG_WARN_INFINITE_RECURSION = YES;
				CLANG_WARN_INT_CONVERSION = YES;
				CLANG_WARN_NON_LITERAL_NULL_CONVERSION = YES;
				CLANG_WARN_OBJC_IMPLICIT_RETAIN_SELF = YES;
				CLANG_WARN_OBJC_LITERAL_CONVERSION = YES;
				CLANG_WARN_OBJC_ROOT_CLASS = YES_ERROR;
				CLANG_WARN_QUOTED_INCLUDE_IN_FRAMEWORK_HEADER = YES;
				CLANG_WARN_RANGE_LOOP_ANALYSIS = YES;
				CLANG_WARN_STRICT_PROTOTYPES = YES;
				CLANG_WARN_SUSPICIOUS_MOVE = YES;
				CLANG_WARN_UNGUARDED_AVAILABILITY = YES_AGGRESSIVE;
				CLANG_WARN_UNREACHABLE_CODE = YES;
				CLANG_WARN__DUPLICATE_METHOD_MATCH = YES;
				CODE_SIGN_STYLE = Automatic;
				COMBINE_HIDPI_IMAGES = YES;
				COPY_PHASE_STRIP = NO;
				DEBUG_INFORMATION_FORMAT = "dwarf-with-dsym";
				DEVELOPMENT_TEAM = "";
				ENABLE_HARDENED_RUNTIME = YES;
				ENABLE_NS_ASSERTIONS = NO;
				ENABLE_STRICT_OBJC_MSGSEND = YES;
				GCC_C_LANGUAGE_STANDARD = gnu11;
				GCC_NO_COMMON_BLOCKS = YES;
				GCC_WARN_64_TO_32_BIT_CONVERSION = YES;
				GCC_WARN_ABOUT_RETURN_TYPE = YES_ERROR;
				GCC_WARN_UNDECLARED_SELECTOR = YES;
				GCC_WARN_UNINITIALIZED_AUTOS = YES_AGGRESSIVE;
				GCC_WARN_UNUSED_FUNCTION = YES;
				GCC_WARN_UNUSED_VARIABLE = YES;
				MACOSX_DEPLOYMENT_TARGET = 13.0;
				MTL_ENABLE_DEBUG_INFO = NO;
				MTL_FAST_MATH = YES;
				PRODUCT_NAME = "$(TARGET_NAME)";
				SDKROOT = macosx;
				SWIFT_COMPILATION_MODE = wholemodule;
				SWIFT_OPTIMIZATION_LEVEL = "-O";
				SWIFT_VERSION = 5.9;
			};
			name = Release;
		};
		FC69455DC6B14AEB38351112 /* Debug */ = {
			isa = XCBuildConfiguration;
			buildSettings = {
				ALWAYS_SEARCH_USER_PATHS = NO;
				CLANG_ANALYZER_NONNULL = YES;
				CLANG_ANALYZER_NUMBER_OBJECT_CONVERSION = YES_AGGRESSIVE;
				CLANG_CXX_LANGUAGE_STANDARD = "gnu++14";
				CLANG_CXX_LIBRARY = "libc++";
				CLANG_ENABLE_MODULES = YES;
				CLANG_ENABLE_OBJC_ARC = YES;
				CLANG_ENABLE_OBJC_WEAK = YES;
				CLANG_WARN_BLOCK_CAPTURE_AUTORELEASING = YES;
				CLANG_WARN_BOOL_CONVERSION = YES;
				CLANG_WARN_COMMA = YES;
				CLANG_WARN_CONSTANT_CONVERSION = YES;
				CLANG_WARN_DEPRECATED_OBJC_IMPLEMENTATIONS = YES;
				CLANG_WARN_DIRECT_OBJC_ISA_USAGE = YES_ERROR;
				CLANG_WARN_DOCUMENTATION_COMMENTS = YES;
				CLANG_WARN_EMPTY_BODY = YES;
				CLANG_WARN_ENUM_CONVERSION = YES;
				CLANG_WARN_INFINITE_RECURSION = YES;
				CLANG_WARN_INT_CONVERSION = YES;
				CLANG_WARN_NON_LITERAL_NULL_CONVERSION = YES;
				CLANG_WARN_OBJC_IMPLICIT_RETAIN_SELF = YES;
				CLANG_WARN_OBJC_LITERAL_CONVERSION = YES;
				CLANG_WARN_OBJC_ROOT_CLASS = YES_ERROR;
				CLANG_WARN_QUOTED_INCLUDE_IN_FRAMEWORK_HEADER = YES;
				CLANG_WARN_RANGE_LOOP_ANALYSIS = YES;
				CLANG_WARN_STRICT_PROTOTYPES = YES;
				CLANG_WARN_SUSPICIOUS_MOVE = YES;
				CLANG_WARN_UNGUARDED_AVAILABILITY = YES_AGGRESSIVE;
				CLANG_WARN_UNREACHABLE_CODE = YES;
				CLANG_WARN__DUPLICATE_METHOD_MATCH = YES;
				CODE_SIGN_STYLE = Automatic;
				COMBINE_HIDPI_IMAGES = YES;
				COPY_PHASE_STRIP = NO;
				DEBUG_INFORMATION_FORMAT = dwarf;
				DEVELOPMENT_TEAM = "";
				ENABLE_HARDENED_RUNTIME = YES;
				ENABLE_STRICT_OBJC_MSGSEND = YES;
				ENABLE_TESTABILITY = YES;
				GCC_C_LANGUAGE_STANDARD = gnu11;
				GCC_DYNAMIC_NO_PIC = NO;
				GCC_NO_COMMON_BLOCKS = YES;
				GCC_OPTIMIZATION_LEVEL = 0;
				GCC_PREPROCESSOR_DEFINITIONS = (
					"$(inherited)",
					"DEBUG=1",
				);
				GCC_WARN_64_TO_32_BIT_CONVERSION = YES;
				GCC_WARN_ABOUT_RETURN_TYPE = YES_ERROR;
				GCC_WARN_UNDECLARED_SELECTOR = YES;
				GCC_WARN_UNINITIALIZED_AUTOS = YES_AGGRESSIVE;
				GCC_WARN_UNUSED_FUNCTION = YES;
				GCC_WARN_UNUSED_VARIABLE = YES;
				MACOSX_DEPLOYMENT_TARGET = 13.0;
				MTL_ENABLE_DEBUG_INFO = INCLUDE_SOURCE;
				MTL_FAST_MATH = YES;
				ONLY_ACTIVE_ARCH = YES;
				PRODUCT_NAME = "$(TARGET_NAME)";
				SDKROOT = macosx;
				SWIFT_ACTIVE_COMPILATION_CONDITIONS = DEBUG;
				SWIFT_OPTIMIZATION_LEVEL = "-Onone";
				SWIFT_VERSION = 5.9;
			};
			name = Debug;
		};
/* End XCBuildConfiguration section */

/* Begin XCConfigurationList section */
		5E21052922EEC703E51674A1 /* Build configuration list for PBXNativeTarget "ARMEmulatorTests" */ = {
			isa = XCConfigurationList;
			buildConfigurations = (
				7B23B3F35D64EA3F0B087384 /* Debug */,
				8094B8146E12AFC509432B0E /* Release */,
			);
			defaultConfigurationIsVisible = 0;
			defaultConfigurationName = Debug;
		};
		7C88047639C3C178CC3B8D03 /* Build configuration list for PBXNativeTarget "ARMEmulator" */ = {
			isa = XCConfigurationList;
			buildConfigurations = (
				49ADFF4FAF6864992DB08A8E /* Debug */,
				71CFD7785AFA02B951884C79 /* Release */,
			);
			defaultConfigurationIsVisible = 0;
			defaultConfigurationName = Debug;
		};
		F03A7953591EA566332A979B /* Build configuration list for PBXProject "ARMEmulator" */ = {
			isa = XCConfigurationList;
			buildConfigurations = (
				FC69455DC6B14AEB38351112 /* Debug */,
				D71D87481A85FF2E0D5C8F90 /* Release */,
			);
			defaultConfigurationIsVisible = 0;
			defaultConfigurationName = Debug;
		};
/* End XCConfigurationList section */
	};
	rootObject = 9AF11FF43E977649CCAEA237 /* Project object */;
}
